// !$*UTF8*$!
{
	archiveVersion = 1;
	classes = {
	};
	objectVersion = 46;
	objects = {

/* Begin PBXBuildFile section */
		67605E7E1AD5464E004A8BE9 /* main.m in Sources */ = {isa = PBXBuildFile; fileRef = 67605E7D1AD5464E004A8BE9 /* main.m */; };
/* End PBXBuildFile section */

/* Begin PBXCopyFilesBuildPhase section */
		67605E781AD5464E004A8BE9 /* CopyFiles */ = {
			isa = PBXCopyFilesBuildPhase;
			buildActionMask = 2147483647;
			dstPath = /usr/share/man/man1/;
			dstSubfolderSpec = 0;
			files = (
			);
			runOnlyForDeploymentPostprocessing = 1;
		};
/* End PBXCopyFilesBuildPhase section */

/* Begin PBXFileReference section */
		67605E7A1AD5464E004A8BE9 /* DictionaryTest */ = {isa = PBXFileReference; explicitFileType = "compiled.mach-o.executable"; includeInIndex = 0; path = DictionaryTest; sourceTree = BUILT_PRODUCTS_DIR; };
		67605E7D1AD5464E004A8BE9 /* main.m */ = {isa = PBXFileReference; lastKnownFileType = sourcecode.c.objc; path = main.m; sourceTree = "<group>"; };
/* End PBXFileReference section */

/* Begin PBXFrameworksBuildPhase section */
		67605E771AD5464E004A8BE9 /* Frameworks */ = {
			isa = PBXFrameworksBuildPhase;
			buildActionMask = 2147483647;
			files = (
			);
			runOnlyForDeploymentPostprocessing = 0;
		};
/* End PBXFrameworksBuildPhase section */

/* Begin PBXGroup section */
		67605E711AD5464E004A8BE9 = {
			isa = PBXGroup;
			children = (
				67605E7C1AD5464E004A8BE9 /* DictionaryTest */,
				67605E7B1AD5464E004A8BE9 /* Products */,
			);
			sourceTree = "<group>";
		};
		67605E7B1AD5464E004A8BE9 /* Products */ = {
			isa = PBXGroup;
			children = (
				67605E7A1AD5464E004A8BE9 /* DictionaryTest */,
			);
			name = Products;
			sourceTree = "<group>";
		};
		67605E7C1AD5464E004A8BE9 /* DictionaryTest */ = {
			isa = PBXGroup;
			children = (
				67605E7D1AD5464E004A8BE9 /* main.m */,
			);
			path = DictionaryTest;
			sourceTree = "<group>";
		};
/* End PBXGroup section */

/* Begin PBXNativeTarget section */
		67605E791AD5464E004A8BE9 /* DictionaryTest */ = {
			isa = PBXNativeTarget;
			buildConfigurationList = 67605E811AD5464E004A8BE9 /* Build configuration list for PBXNativeTarget "DictionaryTest" */;
			buildPhases = (
				67605E761AD5464E004A8BE9 /* Sources */,
				67605E771AD5464E004A8BE9 /* Frameworks */,
				67605E781AD5464E004A8BE9 /* CopyFiles */,
			);
			buildRules = (
			);
			dependencies = (
			);
			name = DictionaryTest;
			productName = DictionaryTest;
			productReference = 67605E7A1AD5464E004A8BE9 /* DictionaryTest */;
			productType = "com.apple.product-type.tool";
		};
/* End PBXNativeTarget section */

/* Begin PBXProject section */
		67605E721AD5464E004A8BE9 /* Project object */ = {
			isa = PBXProject;
			attributes = {
				LastUpgradeCheck = 0620;
				ORGANIZATIONNAME = architree;
				TargetAttributes = {
					67605E791AD5464E004A8BE9 = {
						CreatedOnToolsVersion = 6.2;
					};
				};
			};
			buildConfigurationList = 67605E751AD5464E004A8BE9 /* Build configuration list for PBXProject "DictionaryTest" */;
			compatibilityVersion = "Xcode 3.2";
			developmentRegion = English;
			hasScannedForEncodings = 0;
			knownRegions = (
				en,
			);
			mainGroup = 67605E711AD5464E004A8BE9;
			productRefGroup = 67605E7B1AD5464E004A8BE9 /* Products */;
			projectDirPath = "";
			projectRoot = "";
			targets = (
				67605E791AD5464E004A8BE9 /* DictionaryTest */,
			);
		};
/* End PBXProject section */

/* Begin PBXSourcesBuildPhase section */
		67605E761AD5464E004A8BE9 /* Sources */ = {
			isa = PBXSourcesBuildPhase;
			buildActionMask = 2147483647;
			files = (
				67605E7E1AD5464E004A8BE9 /* main.m in Sources */,
			);
			runOnlyForDeploymentPostprocessing = 0;
		};
/* End PBXSourcesBuildPhase section */

/* Begin XCBuildConfiguration section */
		67605E7F1AD5464E004A8BE9 /* Debug */ = {
			isa = XCBuildConfiguration;
			buildSettings = {
				ALWAYS_SEARCH_USER_PATHS = NO;
				CLANG_CXX_LANGUAGE_STANDARD = "gnu++0x";
				CLANG_CXX_LIBRARY = "libc++";
				CLANG_ENABLE_MODULES = YES;
				CLANG_ENABLE_OBJC_ARC = YES;
				CLANG_WARN_BOOL_CONVERSION = YES;
				CLANG_WARN_CONSTANT_CONVERSION = YES;
				CLANG_WARN_DIRECT_OBJC_ISA_USAGE = YES_ERROR;
				CLANG_WARN_EMPTY_BODY = YES;
				CLANG_WARN_ENUM_CONVERSION = YES;
				CLANG_WARN_INT_CONVERSION = YES;
				CLANG_WARN_OBJC_ROOT_CLASS = YES_ERROR;
				CLANG_WARN_UNREACHABLE_CODE = YES;
				CLANG_WARN__DUPLICATE_METHOD_MATCH = YES;
				COPY_PHASE_STRIP = NO;
				ENABLE_STRICT_OBJC_MSGSEND = YES;
				GCC_C_LANGUAGE_STANDARD = gnu99;
				GCC_DYNAMIC_NO_PIC = NO;
				GCC_OPTIMIZATION_LEVEL = 0;
				GCC_PREPROCESSOR_DEFINITIONS = (
					"DEBUG=1",
					"$(inherited)",
				);
				GCC_SYMBOLS_PRIVATE_EXTERN = NO;
				GCC_WARN_64_TO_32_BIT_CONVERSION = YES;
				GCC_WARN_ABOUT_RETURN_TYPE = YES_ERROR;
				GCC_WARN_UNDECLARED_SELECTOR = YES;
				GCC_WARN_UNINITIALIZED_AUTOS = YES_AGGRESSIVE;
				GCC_WARN_UNUSED_FUNCTION = YES;
				GCC_WARN_UNUSED_VARIABLE = YES;
				MACOSX_DEPLOYMENT_TARGET = 10.10;
				MTL_ENABLE_DEBUG_INFO = YES;
				ONLY_ACTIVE_ARCH = YES;
				SDKROOT = macosx;
			};
			name = Debug;
		};
		67605E801AD5464E004A8BE9 /* Release */ = {
			isa = XCBuildConfiguration;
			buildSettings = {
				ALWAYS_SEARCH_USER_PATHS = NO;
				CLANG_CXX_LANGUAGE_STANDARD = "gnu++0x";
				CLANG_CXX_LIBRARY = "libc++";
				CLANG_ENABLE_MODULES = YES;
				CLANG_ENABLE_OBJC_ARC = YES;
				CLANG_WARN_BOOL_CONVERSION = YES;
				CLANG_WARN_CONSTANT_CONVERSION = YES;
				CLANG_WARN_DIRECT_OBJC_ISA_USAGE = YES_ERROR;
				CLANG_WARN_EMPTY_BODY = YES;
				CLANG_WARN_ENUM_CONVERSION = YES;
				CLANG_WARN_INT_CONVERSION = YES;
				CLANG_WARN_OBJC_ROOT_CLASS = YES_ERROR;
				CLANG_WARN_UNREACHABLE_CODE = YES;
				CLANG_WARN__DUPLICATE_METHOD_MATCH = YES;
				COPY_PHASE_STRIP = NO;
				DEBUG_INFORMATION_FORMAT = "dwarf-with-dsym";
				ENABLE_NS_ASSERTIONS = NO;
				ENABLE_STRICT_OBJC_MSGSEND = YES;
				GCC_C_LANGUAGE_STANDARD = gnu99;
				GCC_WARN_64_TO_32_BIT_CONVERSION = YES;
				GCC_WARN_ABOUT_RETURN_TYPE = YES_ERROR;
				GCC_WARN_UNDECLARED_SELECTOR = YES;
				GCC_WARN_UNINITIALIZED_AUTOS = YES_AGGRESSIVE;
				GCC_WARN_UNUSED_FUNCTION = YES;
				GCC_WARN_UNUSED_VARIABLE = YES;
				MACOSX_DEPLOYMENT_TARGET = 10.10;
				MTL_ENABLE_DEBUG_INFO = NO;
				SDKROOT = macosx;
			};
			name = Release;
		};
		67605E821AD5464E004A8BE9 /* Debug */ = {
			isa = XCBuildConfiguration;
			buildSettings = {
				PRODUCT_NAME = "$(TARGET_NAME)";
			};
			name = Debug;
		};
		67605E831AD5464E004A8BE9 /* Release */ = {
			isa = XCBuildConfiguration;
			buildSettings = {
				PRODUCT_NAME = "$(TARGET_NAME)";
			};
			name = Release;
		};
/* End XCBuildConfiguration section */

/* Begin XCConfigurationList section */
		67605E751AD5464E004A8BE9 /* Build configuration list for PBXProject "DictionaryTest" */ = {
			isa = XCConfigurationList;
			buildConfigurations = (
				67605E7F1AD5464E004A8BE9 /* Debug */,
				67605E801AD5464E004A8BE9 /* Release */,
			);
			defaultConfigurationIsVisible = 0;
			defaultConfigurationName = Release;
		};
		67605E811AD5464E004A8BE9 /* Build configuration list for PBXNativeTarget "DictionaryTest" */ = {
			isa = XCConfigurationList;
			buildConfigurations = (
				67605E821AD5464E004A8BE9 /* Debug */,
				67605E831AD5464E004A8BE9 /* Release */,
			);
			defaultConfigurationIsVisible = 0;
		};
/* End XCConfigurationList section */
	};
	rootObject = 67605E721AD5464E004A8BE9 /* Project object */;
}
